
Microsoft Visual Studio Solution File, Format Version 12.00
# Visual Studio Version 17
VisualStudioVersion = 17.14.36401.2 d17.14
MinimumVisualStudioVersion = 10.0.40219.1
Project("{FAE04EC0-301F-11D3-BF4B-00C04F79EFBC}") = "proyecto casino", "proyecto casino\proyecto casino.csproj", "{49AA14B5-229F-4460-9685-58088934FD6F}"
EndProject
Global
	GlobalSection(SolutionConfigurationPlatforms) = preSolution
		Debug|Any CPU = Debug|Any CPU
		Release|Any CPU = Release|Any CPU
	EndGlobalSection
	GlobalSection(ProjectConfigurationPlatforms) = postSolution
		{49AA14B5-229F-4460-9685-58088934FD6F}.Debug|Any CPU.ActiveCfg = Debug|Any CPU
		{49AA14B5-229F-4460-9685-58088934FD6F}.Debug|Any CPU.Build.0 = Debug|Any CPU
		{49AA14B5-229F-4460-9685-58088934FD6F}.Release|Any CPU.ActiveCfg = Release|Any CPU
		{49AA14B5-229F-4460-9685-58088934FD6F}.Release|Any CPU.Build.0 = Release|Any CPU
	EndGlobalSection
	GlobalSection(SolutionProperties) = preSolution
		HideSolutionNode = FALSE
	EndGlobalSection
	GlobalSection(ExtensibilityGlobals) = postSolution
		SolutionGuid = {45FFD16B-6A16-4D19-B05B-552C9E65B7F8}
	EndGlobalSection
EndGlobal
