
Microsoft Visual Studio Solution File, Format Version 12.00
# Visual Studio Version 17
VisualStudioVersion = 17.14.36705.20 d17.14
MinimumVisualStudioVersion = 10.0.40219.1
Project("{FAE04EC0-301F-11D3-BF4B-00C04F79EFBC}") = "Test3", "Test3.csproj", "{D69D5C9A-203D-4B1C-8D6E-6A7D7C888E3D}"
EndProject
Global
	GlobalSection(SolutionConfigurationPlatforms) = preSolution
		Debug|Any CPU = Debug|Any CPU
		Release|Any CPU = Release|Any CPU
	EndGlobalSection
	GlobalSection(ProjectConfigurationPlatforms) = postSolution
		{D69D5C9A-203D-4B1C-8D6E-6A7D7C888E3D}.Debug|Any CPU.ActiveCfg = Debug|Any CPU
		{D69D5C9A-203D-4B1C-8D6E-6A7D7C888E3D}.Debug|Any CPU.Build.0 = Debug|Any CPU
		{D69D5C9A-203D-4B1C-8D6E-6A7D7C888E3D}.Release|Any CPU.ActiveCfg = Release|Any CPU
		{D69D5C9A-203D-4B1C-8D6E-6A7D7C888E3D}.Release|Any CPU.Build.0 = Release|Any CPU
	EndGlobalSection
	GlobalSection(SolutionProperties) = preSolution
		HideSolutionNode = FALSE
	EndGlobalSection
	GlobalSection(ExtensibilityGlobals) = postSolution
		SolutionGuid = {44A87A36-18D9-47A2-B289-F3125997B981}
	EndGlobalSection
EndGlobal
