
Microsoft Visual Studio Solution File, Format Version 12.00
# Visual Studio Version 17
VisualStudioVersion = 17.14.36705.20 d17.14
MinimumVisualStudioVersion = 10.0.40219.1
Project("{FAE04EC0-301F-11D3-BF4B-00C04F79EFBC}") = "Test2", "Test2.csproj", "{1B5F309C-B975-44A6-A9B1-7C1BBD69833F}"
EndProject
Global
	GlobalSection(SolutionConfigurationPlatforms) = preSolution
		Debug|Any CPU = Debug|Any CPU
		Release|Any CPU = Release|Any CPU
	EndGlobalSection
	GlobalSection(ProjectConfigurationPlatforms) = postSolution
		{1B5F309C-B975-44A6-A9B1-7C1BBD69833F}.Debug|Any CPU.ActiveCfg = Debug|Any CPU
		{1B5F309C-B975-44A6-A9B1-7C1BBD69833F}.Debug|Any CPU.Build.0 = Debug|Any CPU
		{1B5F309C-B975-44A6-A9B1-7C1BBD69833F}.Release|Any CPU.ActiveCfg = Release|Any CPU
		{1B5F309C-B975-44A6-A9B1-7C1BBD69833F}.Release|Any CPU.Build.0 = Release|Any CPU
	EndGlobalSection
	GlobalSection(SolutionProperties) = preSolution
		HideSolutionNode = FALSE
	EndGlobalSection
	GlobalSection(ExtensibilityGlobals) = postSolution
		SolutionGuid = {4EDAD357-9C0D-4B31-9438-0EF7C1663691}
	EndGlobalSection
EndGlobal
